
Microsoft Visual Studio Solution File, Format Version 12.00
# Visual Studio Version 17
VisualStudioVersion = 17.14.36518.9
MinimumVisualStudioVersion = 10.0.40219.1
Project("{FAE04EC0-301F-11D3-BF4B-00C04F79EFBC}") = "TruncatedIcosidodecahedron", "TruncatedIcosidodecahedron\TruncatedIcosidodecahedron.csproj", "{051F6212-AEEF-4AA9-B037-3F45AD394080}"
EndProject
Project("{FAE04EC0-301F-11D3-BF4B-00C04F79EFBC}") = "TruncatedIcosidodecahedron_Brx", "TruncatedIcosidodecahedron_Brx\TruncatedIcosidodecahedron_Brx.csproj", "{94DCF20A-9E98-AC37-21EA-6C34B836F2B6}"
EndProject
Global
	GlobalSection(SolutionConfigurationPlatforms) = preSolution
		Debug|Any CPU = Debug|Any CPU
		Debug|x64 = Debug|x64
		Release|Any CPU = Release|Any CPU
		Release|x64 = Release|x64
	EndGlobalSection
	GlobalSection(ProjectConfigurationPlatforms) = postSolution
		{051F6212-AEEF-4AA9-B037-3F45AD394080}.Debug|Any CPU.ActiveCfg = Debug|Any CPU
		{051F6212-AEEF-4AA9-B037-3F45AD394080}.Debug|Any CPU.Build.0 = Debug|Any CPU
		{051F6212-AEEF-4AA9-B037-3F45AD394080}.Debug|x64.ActiveCfg = Debug|x64
		{051F6212-AEEF-4AA9-B037-3F45AD394080}.Debug|x64.Build.0 = Debug|x64
		{051F6212-AEEF-4AA9-B037-3F45AD394080}.Release|Any CPU.ActiveCfg = Release|Any CPU
		{051F6212-AEEF-4AA9-B037-3F45AD394080}.Release|Any CPU.Build.0 = Release|Any CPU
		{051F6212-AEEF-4AA9-B037-3F45AD394080}.Release|x64.ActiveCfg = Release|x64
		{051F6212-AEEF-4AA9-B037-3F45AD394080}.Release|x64.Build.0 = Release|x64
		{94DCF20A-9E98-AC37-21EA-6C34B836F2B6}.Debug|Any CPU.ActiveCfg = Debug|Any CPU
		{94DCF20A-9E98-AC37-21EA-6C34B836F2B6}.Debug|Any CPU.Build.0 = Debug|Any CPU
		{94DCF20A-9E98-AC37-21EA-6C34B836F2B6}.Debug|x64.ActiveCfg = Debug|x64
		{94DCF20A-9E98-AC37-21EA-6C34B836F2B6}.Debug|x64.Build.0 = Debug|x64
		{94DCF20A-9E98-AC37-21EA-6C34B836F2B6}.Release|Any CPU.ActiveCfg = Release|Any CPU
		{94DCF20A-9E98-AC37-21EA-6C34B836F2B6}.Release|Any CPU.Build.0 = Release|Any CPU
		{94DCF20A-9E98-AC37-21EA-6C34B836F2B6}.Release|x64.ActiveCfg = Release|x64
		{94DCF20A-9E98-AC37-21EA-6C34B836F2B6}.Release|x64.Build.0 = Release|x64
	EndGlobalSection
	GlobalSection(SolutionProperties) = preSolution
		HideSolutionNode = FALSE
	EndGlobalSection
	GlobalSection(ExtensibilityGlobals) = postSolution
		SolutionGuid = {7ED50C03-0A07-4CE1-ACC3-4BEB8714D3BA}
	EndGlobalSection
EndGlobal
